
Microsoft Visual Studio Solution File, Format Version 12.00
# Visual Studio 15
VisualStudioVersion = 15.0.27428.2015
MinimumVisualStudioVersion = 10.0.40219.1
Project("{8BC9CEB8-8B4A-11D0-8D11-00A0C91BC942}") = "Scrabble", "Scrabble\Scrabble.vcxproj", "{274F3A9D-C6AD-420F-B727-E80015E68C5C}"
EndProject
Project("{8BC9CEB8-8B4A-11D0-8D11-00A0C91BC942}") = "ScrabbleTests", "ScrabbleTests\ScrabbleTests.vcxproj", "{E4288009-841C-4087-92D4-468361B77AB7}"
EndProject
Project("{8BC9CEB8-8B4A-11D0-8D11-00A0C91BC942}") = "ScrabbleRuntime", "ScrabbleRuntime\ScrabbleRuntime.vcxproj", "{2B52C5FB-C3ED-4870-B9B1-D990BACECBB5}"
EndProject
Global
	GlobalSection(SolutionConfigurationPlatforms) = preSolution
		Debug|x64 = Debug|x64
		Debug|x86 = Debug|x86
		Release|x64 = Release|x64
		Release|x86 = Release|x86
	EndGlobalSection
	GlobalSection(ProjectConfigurationPlatforms) = postSolution
		{274F3A9D-C6AD-420F-B727-E80015E68C5C}.Debug|x64.ActiveCfg = Debug|x64
		{274F3A9D-C6AD-420F-B727-E80015E68C5C}.Debug|x64.Build.0 = Debug|x64
		{274F3A9D-C6AD-420F-B727-E80015E68C5C}.Debug|x86.ActiveCfg = Debug|Win32
		{274F3A9D-C6AD-420F-B727-E80015E68C5C}.Debug|x86.Build.0 = Debug|Win32
		{274F3A9D-C6AD-420F-B727-E80015E68C5C}.Release|x64.ActiveCfg = Release|x64
		{274F3A9D-C6AD-420F-B727-E80015E68C5C}.Release|x64.Build.0 = Release|x64
		{274F3A9D-C6AD-420F-B727-E80015E68C5C}.Release|x86.ActiveCfg = Release|Win32
		{274F3A9D-C6AD-420F-B727-E80015E68C5C}.Release|x86.Build.0 = Release|Win32
		{E4288009-841C-4087-92D4-468361B77AB7}.Debug|x64.ActiveCfg = Debug|x64
		{E4288009-841C-4087-92D4-468361B77AB7}.Debug|x64.Build.0 = Debug|x64
		{E4288009-841C-4087-92D4-468361B77AB7}.Debug|x86.ActiveCfg = Debug|Win32
		{E4288009-841C-4087-92D4-468361B77AB7}.Debug|x86.Build.0 = Debug|Win32
		{E4288009-841C-4087-92D4-468361B77AB7}.Release|x64.ActiveCfg = Release|x64
		{E4288009-841C-4087-92D4-468361B77AB7}.Release|x64.Build.0 = Release|x64
		{E4288009-841C-4087-92D4-468361B77AB7}.Release|x86.ActiveCfg = Release|Win32
		{E4288009-841C-4087-92D4-468361B77AB7}.Release|x86.Build.0 = Release|Win32
		{2B52C5FB-C3ED-4870-B9B1-D990BACECBB5}.Debug|x64.ActiveCfg = Debug|x64
		{2B52C5FB-C3ED-4870-B9B1-D990BACECBB5}.Debug|x64.Build.0 = Debug|x64
		{2B52C5FB-C3ED-4870-B9B1-D990BACECBB5}.Debug|x86.ActiveCfg = Debug|Win32
		{2B52C5FB-C3ED-4870-B9B1-D990BACECBB5}.Debug|x86.Build.0 = Debug|Win32
		{2B52C5FB-C3ED-4870-B9B1-D990BACECBB5}.Release|x64.ActiveCfg = Release|x64
		{2B52C5FB-C3ED-4870-B9B1-D990BACECBB5}.Release|x64.Build.0 = Release|x64
		{2B52C5FB-C3ED-4870-B9B1-D990BACECBB5}.Release|x86.ActiveCfg = Release|Win32
		{2B52C5FB-C3ED-4870-B9B1-D990BACECBB5}.Release|x86.Build.0 = Release|Win32
	EndGlobalSection
	GlobalSection(SolutionProperties) = preSolution
		HideSolutionNode = FALSE
	EndGlobalSection
	GlobalSection(ExtensibilityGlobals) = postSolution
		SolutionGuid = {ACBFB24C-106B-4A61-BC4E-7D52F0FDA61F}
	EndGlobalSection
EndGlobal
